{
  "name": "json2ts",
  "version": "1.0.0",
  "lockfileVersion": 1,
  "requires": true,
  "dependencies": {
    "charcodes": {
      "version": "0.2.0",
      "resolved": "https://registry.npm.taobao.org/charcodes/download/charcodes-0.2.0.tgz",
      "integrity": "sha1-UgjTJ+bMBfmeuA/8gUcHVy0fFOQ="
    },
    "typescript": {
      "version": "4.3.5",
      "resolved": "https://registry.nlark.com/typescript/download/typescript-4.3.5.tgz?cache=0&sync_timestamp=1626765253223&other_urls=https%3A%2F%2Fregistry.nlark.com%2Ftypescript%2Fdownload%2Ftypescript-4.3.5.tgz",
      "integrity": "sha1-TRw3zBbok5c8RaBohrcRMjTxGfQ=",
      "dev": true
    }
  }
}
